
Microsoft Visual Studio Solution File, Format Version 12.00
# Visual Studio Version 17
VisualStudioVersion = 17.0.31611.283
MinimumVisualStudioVersion = 10.0.40219.1
Project("{9A19103F-16F7-4668-BE54-9A1E7A4F7556}") = "BundleMaker", "BundleMaker\BundleMaker.csproj", "{04300B60-9DD3-4FE2-B055-C787FC3116FA}"
EndProject
Project("{9A19103F-16F7-4668-BE54-9A1E7A4F7556}") = "BundleMaker.Test", "BundleMaker.Test\BundleMaker.Test.csproj", "{D74FC6F6-0D46-464E-8E79-A69D48E4A9C1}"
EndProject
Project("{FAE04EC0-301F-11D3-BF4B-00C04F79EFBC}") = "BundleMaker.Core", "BundleMaker.Core\BundleMaker.Core.csproj", "{1B2FBCBF-A33D-4C05-99AE-A625D8944DD5}"
EndProject
Global
	GlobalSection(SolutionConfigurationPlatforms) = preSolution
		Debug|Any CPU = Debug|Any CPU
		Release|Any CPU = Release|Any CPU
	EndGlobalSection
	GlobalSection(ProjectConfigurationPlatforms) = postSolution
		{04300B60-9DD3-4FE2-B055-C787FC3116FA}.Debug|Any CPU.ActiveCfg = Debug|Any CPU
		{04300B60-9DD3-4FE2-B055-C787FC3116FA}.Debug|Any CPU.Build.0 = Debug|Any CPU
		{04300B60-9DD3-4FE2-B055-C787FC3116FA}.Debug|Any CPU.Deploy.0 = Debug|Any CPU
		{04300B60-9DD3-4FE2-B055-C787FC3116FA}.Release|Any CPU.ActiveCfg = Release|Any CPU
		{04300B60-9DD3-4FE2-B055-C787FC3116FA}.Release|Any CPU.Build.0 = Release|Any CPU
		{04300B60-9DD3-4FE2-B055-C787FC3116FA}.Release|Any CPU.Deploy.0 = Release|Any CPU
		{D74FC6F6-0D46-464E-8E79-A69D48E4A9C1}.Debug|Any CPU.ActiveCfg = Debug|Any CPU
		{D74FC6F6-0D46-464E-8E79-A69D48E4A9C1}.Debug|Any CPU.Build.0 = Debug|Any CPU
		{D74FC6F6-0D46-464E-8E79-A69D48E4A9C1}.Release|Any CPU.ActiveCfg = Release|Any CPU
		{D74FC6F6-0D46-464E-8E79-A69D48E4A9C1}.Release|Any CPU.Build.0 = Release|Any CPU
		{1B2FBCBF-A33D-4C05-99AE-A625D8944DD5}.Debug|Any CPU.ActiveCfg = Debug|Any CPU
		{1B2FBCBF-A33D-4C05-99AE-A625D8944DD5}.Debug|Any CPU.Build.0 = Debug|Any CPU
		{1B2FBCBF-A33D-4C05-99AE-A625D8944DD5}.Release|Any CPU.ActiveCfg = Release|Any CPU
		{1B2FBCBF-A33D-4C05-99AE-A625D8944DD5}.Release|Any CPU.Build.0 = Release|Any CPU
	EndGlobalSection
	GlobalSection(SolutionProperties) = preSolution
		HideSolutionNode = FALSE
	EndGlobalSection
	GlobalSection(ExtensibilityGlobals) = postSolution
		SolutionGuid = {61F7FB11-1E47-470C-91E2-47F8143E1572}
	EndGlobalSection
EndGlobal
